
Microsoft Visual Studio Solution File, Format Version 12.00
# Visual Studio Version 16
VisualStudioVersion = 16.0.30523.141
MinimumVisualStudioVersion = 10.0.40219.1
Project("{FAE04EC0-301F-11D3-BF4B-00C04F79EFBC}") = "Faps", "Faps.csproj", "{A052B7A6-5F7C-43E0-82C7-CB1D2678F6B9}"
EndProject
Global
	GlobalSection(SolutionConfigurationPlatforms) = preSolution
		Debug|Any CPU = Debug|Any CPU
		Release|Any CPU = Release|Any CPU
	EndGlobalSection
	GlobalSection(ProjectConfigurationPlatforms) = postSolution
		{A052B7A6-5F7C-43E0-82C7-CB1D2678F6B9}.Debug|Any CPU.ActiveCfg = Debug|Any CPU
		{A052B7A6-5F7C-43E0-82C7-CB1D2678F6B9}.Debug|Any CPU.Build.0 = Debug|Any CPU
		{A052B7A6-5F7C-43E0-82C7-CB1D2678F6B9}.Release|Any CPU.ActiveCfg = Release|Any CPU
		{A052B7A6-5F7C-43E0-82C7-CB1D2678F6B9}.Release|Any CPU.Build.0 = Release|Any CPU
	EndGlobalSection
	GlobalSection(SolutionProperties) = preSolution
		HideSolutionNode = FALSE
	EndGlobalSection
	GlobalSection(ExtensibilityGlobals) = postSolution
		SolutionGuid = {EF22B6B7-767E-4B6F-9477-5CEFF12528BE}
	EndGlobalSection
EndGlobal
